
Microsoft Visual Studio Solution File, Format Version 12.00
# Visual Studio Version 17
VisualStudioVersion = 17.0.32112.339
MinimumVisualStudioVersion = 10.0.40219.1
Project("{F184B08F-C81C-45F6-A57F-5ABD9991F28F}") = "Bad Grammar Generator", "Bad Grammar Generator\Bad Grammar Generator.vbproj", "{D46F65E9-D188-4317-B8EA-F88F301BE230}"
EndProject
Global
	GlobalSection(SolutionConfigurationPlatforms) = preSolution
		Debug|Any CPU = Debug|Any CPU
		Release|Any CPU = Release|Any CPU
	EndGlobalSection
	GlobalSection(ProjectConfigurationPlatforms) = postSolution
		{D46F65E9-D188-4317-B8EA-F88F301BE230}.Debug|Any CPU.ActiveCfg = Debug|Any CPU
		{D46F65E9-D188-4317-B8EA-F88F301BE230}.Debug|Any CPU.Build.0 = Debug|Any CPU
		{D46F65E9-D188-4317-B8EA-F88F301BE230}.Release|Any CPU.ActiveCfg = Release|Any CPU
		{D46F65E9-D188-4317-B8EA-F88F301BE230}.Release|Any CPU.Build.0 = Release|Any CPU
	EndGlobalSection
	GlobalSection(SolutionProperties) = preSolution
		HideSolutionNode = FALSE
	EndGlobalSection
	GlobalSection(ExtensibilityGlobals) = postSolution
		SolutionGuid = {EE1FD350-CECC-48C8-AB1D-A1FFE9DC6190}
	EndGlobalSection
EndGlobal
